
Microsoft Visual Studio Solution File, Format Version 12.00
# Visual Studio Version 17
VisualStudioVersion = 17.5.33530.505
MinimumVisualStudioVersion = 10.0.40219.1
Project("{FAE04EC0-301F-11D3-BF4B-00C04F79EFBC}") = "AYweb.Web", "AYweb.Web\AYweb.Web.csproj", "{F68B01BB-DAE4-428F-B032-DF24D3EB6492}"
EndProject
Project("{FAE04EC0-301F-11D3-BF4B-00C04F79EFBC}") = "AYweb.Core", "AYweb.Core\AYweb.Core.csproj", "{47563E15-BFDD-4067-9F99-F3BFA384AB1C}"
EndProject
Project("{FAE04EC0-301F-11D3-BF4B-00C04F79EFBC}") = "AYweb.Dal", "AYweb.Dal\AYweb.Dal.csproj", "{227E60AB-0946-4C68-A9EC-A1BEC9D69146}"
EndProject
Global
	GlobalSection(SolutionConfigurationPlatforms) = preSolution
		Debug|Any CPU = Debug|Any CPU
		Release|Any CPU = Release|Any CPU
	EndGlobalSection
	GlobalSection(ProjectConfigurationPlatforms) = postSolution
		{F68B01BB-DAE4-428F-B032-DF24D3EB6492}.Debug|Any CPU.ActiveCfg = Debug|Any CPU
		{F68B01BB-DAE4-428F-B032-DF24D3EB6492}.Debug|Any CPU.Build.0 = Debug|Any CPU
		{F68B01BB-DAE4-428F-B032-DF24D3EB6492}.Release|Any CPU.ActiveCfg = Release|Any CPU
		{F68B01BB-DAE4-428F-B032-DF24D3EB6492}.Release|Any CPU.Build.0 = Release|Any CPU
		{47563E15-BFDD-4067-9F99-F3BFA384AB1C}.Debug|Any CPU.ActiveCfg = Debug|Any CPU
		{47563E15-BFDD-4067-9F99-F3BFA384AB1C}.Debug|Any CPU.Build.0 = Debug|Any CPU
		{47563E15-BFDD-4067-9F99-F3BFA384AB1C}.Release|Any CPU.ActiveCfg = Release|Any CPU
		{47563E15-BFDD-4067-9F99-F3BFA384AB1C}.Release|Any CPU.Build.0 = Release|Any CPU
		{227E60AB-0946-4C68-A9EC-A1BEC9D69146}.Debug|Any CPU.ActiveCfg = Debug|Any CPU
		{227E60AB-0946-4C68-A9EC-A1BEC9D69146}.Debug|Any CPU.Build.0 = Debug|Any CPU
		{227E60AB-0946-4C68-A9EC-A1BEC9D69146}.Release|Any CPU.ActiveCfg = Release|Any CPU
		{227E60AB-0946-4C68-A9EC-A1BEC9D69146}.Release|Any CPU.Build.0 = Release|Any CPU
	EndGlobalSection
	GlobalSection(SolutionProperties) = preSolution
		HideSolutionNode = FALSE
	EndGlobalSection
	GlobalSection(ExtensibilityGlobals) = postSolution
		SolutionGuid = {500EC1B3-D10A-46A7-BB71-C8D1DF816CEB}
	EndGlobalSection
EndGlobal
