
Microsoft Visual Studio Solution File, Format Version 12.00
# Visual Studio Version 17
VisualStudioVersion = 17.5.33530.505
MinimumVisualStudioVersion = 10.0.40219.1
Project("{2150E333-8FDC-42A3-9474-1A3956D46DE8}") = "src", "src", "{15D23398-C3BB-4FD2-A704-945026308C0A}"
EndProject
Project("{2150E333-8FDC-42A3-9474-1A3956D46DE8}") = "test", "test", "{121CAC28-042C-4200-81C1-362F8C2DCE7F}"
EndProject
Project("{2150E333-8FDC-42A3-9474-1A3956D46DE8}") = "1.Domain", "1.Domain", "{0C5B7B8E-C310-4FA0-8BB9-7896924175F8}"
EndProject
Project("{2150E333-8FDC-42A3-9474-1A3956D46DE8}") = "2.Infrastructure", "2.Infrastructure", "{92825A6E-B888-49A9-A7F7-D1FC19B8734D}"
EndProject
Project("{2150E333-8FDC-42A3-9474-1A3956D46DE8}") = "3.Application", "3.Application", "{A547E9A8-EB2C-4576-A151-462EF0354093}"
EndProject
Project("{2150E333-8FDC-42A3-9474-1A3956D46DE8}") = "4.Presentation", "4.Presentation", "{90651D21-D052-4049-9DD6-02BF42472E31}"
EndProject
Project("{9A19103F-16F7-4668-BE54-9A1E7A4F7556}") = "AYweb.Domain", "src\1.Domain\AYweb.Domain\AYweb.Domain.csproj", "{441700CC-10B7-4150-BB71-CE3A11EAFE8E}"
EndProject
Project("{9A19103F-16F7-4668-BE54-9A1E7A4F7556}") = "AYweb.Infrastructure", "src\2.Infrastructure\AYweb.Infrastructure\AYweb.Infrastructure.csproj", "{0880445E-022B-4E74-BB09-04338D96C635}"
EndProject
Project("{9A19103F-16F7-4668-BE54-9A1E7A4F7556}") = "AYweb.Application", "src\3.Application\AYweb.Application\AYweb.Application.csproj", "{F4685CDC-5C63-45AF-BD23-76436D1A4902}"
EndProject
Project("{2150E333-8FDC-42A3-9474-1A3956D46DE8}") = "framework", "framework", "{CEF5AFEC-246F-4D93-B2F5-D9F8C378E851}"
EndProject
Project("{9A19103F-16F7-4668-BE54-9A1E7A4F7556}") = "AIPFramework", "framework\AIPFramework\AIPFramework.csproj", "{8F28CD92-A1B6-4F2B-8D01-36BF283888A6}"
EndProject
Project("{2150E333-8FDC-42A3-9474-1A3956D46DE8}") = "Solution Items", "Solution Items", "{2BE05F12-683E-435D-A11C-B5E792E59CDE}"
	ProjectSection(SolutionItems) = preProject
		.editorconfig = .editorconfig
	EndProjectSection
EndProject
Project("{9A19103F-16F7-4668-BE54-9A1E7A4F7556}") = "Ayweb.Presentation", "src\4.Presentation\Ayweb.Presentation\Ayweb.Presentation.csproj", "{932DD9EC-9B60-4F50-A170-89D5402C1DF1}"
EndProject
Project("{FAE04EC0-301F-11D3-BF4B-00C04F79EFBC}") = "Ayweb.Api", "Ayweb.Api\Ayweb.Api.csproj", "{2443635B-9809-477A-89D7-7B68258F7B5A}"
EndProject
Global
	GlobalSection(SolutionConfigurationPlatforms) = preSolution
		Debug|Any CPU = Debug|Any CPU
		Release|Any CPU = Release|Any CPU
	EndGlobalSection
	GlobalSection(ProjectConfigurationPlatforms) = postSolution
		{441700CC-10B7-4150-BB71-CE3A11EAFE8E}.Debug|Any CPU.ActiveCfg = Debug|Any CPU
		{441700CC-10B7-4150-BB71-CE3A11EAFE8E}.Debug|Any CPU.Build.0 = Debug|Any CPU
		{441700CC-10B7-4150-BB71-CE3A11EAFE8E}.Release|Any CPU.ActiveCfg = Release|Any CPU
		{441700CC-10B7-4150-BB71-CE3A11EAFE8E}.Release|Any CPU.Build.0 = Release|Any CPU
		{0880445E-022B-4E74-BB09-04338D96C635}.Debug|Any CPU.ActiveCfg = Debug|Any CPU
		{0880445E-022B-4E74-BB09-04338D96C635}.Debug|Any CPU.Build.0 = Debug|Any CPU
		{0880445E-022B-4E74-BB09-04338D96C635}.Release|Any CPU.ActiveCfg = Release|Any CPU
		{0880445E-022B-4E74-BB09-04338D96C635}.Release|Any CPU.Build.0 = Release|Any CPU
		{F4685CDC-5C63-45AF-BD23-76436D1A4902}.Debug|Any CPU.ActiveCfg = Debug|Any CPU
		{F4685CDC-5C63-45AF-BD23-76436D1A4902}.Debug|Any CPU.Build.0 = Debug|Any CPU
		{F4685CDC-5C63-45AF-BD23-76436D1A4902}.Release|Any CPU.ActiveCfg = Release|Any CPU
		{F4685CDC-5C63-45AF-BD23-76436D1A4902}.Release|Any CPU.Build.0 = Release|Any CPU
		{8F28CD92-A1B6-4F2B-8D01-36BF283888A6}.Debug|Any CPU.ActiveCfg = Debug|Any CPU
		{8F28CD92-A1B6-4F2B-8D01-36BF283888A6}.Debug|Any CPU.Build.0 = Debug|Any CPU
		{8F28CD92-A1B6-4F2B-8D01-36BF283888A6}.Release|Any CPU.ActiveCfg = Release|Any CPU
		{8F28CD92-A1B6-4F2B-8D01-36BF283888A6}.Release|Any CPU.Build.0 = Release|Any CPU
		{932DD9EC-9B60-4F50-A170-89D5402C1DF1}.Debug|Any CPU.ActiveCfg = Debug|Any CPU
		{932DD9EC-9B60-4F50-A170-89D5402C1DF1}.Debug|Any CPU.Build.0 = Debug|Any CPU
		{932DD9EC-9B60-4F50-A170-89D5402C1DF1}.Release|Any CPU.ActiveCfg = Release|Any CPU
		{932DD9EC-9B60-4F50-A170-89D5402C1DF1}.Release|Any CPU.Build.0 = Release|Any CPU
		{2443635B-9809-477A-89D7-7B68258F7B5A}.Debug|Any CPU.ActiveCfg = Debug|Any CPU
		{2443635B-9809-477A-89D7-7B68258F7B5A}.Debug|Any CPU.Build.0 = Debug|Any CPU
		{2443635B-9809-477A-89D7-7B68258F7B5A}.Release|Any CPU.ActiveCfg = Release|Any CPU
		{2443635B-9809-477A-89D7-7B68258F7B5A}.Release|Any CPU.Build.0 = Release|Any CPU
	EndGlobalSection
	GlobalSection(SolutionProperties) = preSolution
		HideSolutionNode = FALSE
	EndGlobalSection
	GlobalSection(NestedProjects) = preSolution
		{0C5B7B8E-C310-4FA0-8BB9-7896924175F8} = {15D23398-C3BB-4FD2-A704-945026308C0A}
		{92825A6E-B888-49A9-A7F7-D1FC19B8734D} = {15D23398-C3BB-4FD2-A704-945026308C0A}
		{A547E9A8-EB2C-4576-A151-462EF0354093} = {15D23398-C3BB-4FD2-A704-945026308C0A}
		{90651D21-D052-4049-9DD6-02BF42472E31} = {15D23398-C3BB-4FD2-A704-945026308C0A}
		{441700CC-10B7-4150-BB71-CE3A11EAFE8E} = {0C5B7B8E-C310-4FA0-8BB9-7896924175F8}
		{0880445E-022B-4E74-BB09-04338D96C635} = {92825A6E-B888-49A9-A7F7-D1FC19B8734D}
		{F4685CDC-5C63-45AF-BD23-76436D1A4902} = {A547E9A8-EB2C-4576-A151-462EF0354093}
		{8F28CD92-A1B6-4F2B-8D01-36BF283888A6} = {CEF5AFEC-246F-4D93-B2F5-D9F8C378E851}
		{932DD9EC-9B60-4F50-A170-89D5402C1DF1} = {90651D21-D052-4049-9DD6-02BF42472E31}
		{2443635B-9809-477A-89D7-7B68258F7B5A} = {90651D21-D052-4049-9DD6-02BF42472E31}
	EndGlobalSection
	GlobalSection(ExtensibilityGlobals) = postSolution
		SolutionGuid = {500EC1B3-D10A-46A7-BB71-C8D1DF816CEB}
	EndGlobalSection
EndGlobal
